
Microsoft Visual Studio Solution File, Format Version 12.00
# Visual Studio Version 16
VisualStudioVersion = 16.0.30907.101
MinimumVisualStudioVersion = 10.0.40219.1
Project("{2150E333-8FDC-42A3-9474-1A3956D46DE8}") = "Services", "Services", "{D539A9B7-A433-4DAD-A1AA-A4711CB00F15}"
EndProject
Project("{2150E333-8FDC-42A3-9474-1A3956D46DE8}") = "Catalog", "Catalog", "{D1AB5E95-33E0-444B-8CA4-D650683C4AE4}"
EndProject
Project("{9A19103F-16F7-4668-BE54-9A1E7A4F7556}") = "FreeCourse.Services.Catalog", "Services\Catalog\FreeCourse.Services.Catalog\FreeCourse.Services.Catalog.csproj", "{9037874D-6188-4B30-A1F2-55090A931D48}"
EndProject
Project("{2150E333-8FDC-42A3-9474-1A3956D46DE8}") = "Solution Items", "Solution Items", "{2B32BA7F-C17D-4A3D-82E9-1268C297EFC3}"
	ProjectSection(SolutionItems) = preProject
		Ports.txt = Ports.txt
	EndProjectSection
EndProject
Project("{2150E333-8FDC-42A3-9474-1A3956D46DE8}") = "Shared", "Shared", "{0B1A14A7-9B19-44E4-B34C-D22864977F09}"
EndProject
Project("{FAE04EC0-301F-11D3-BF4B-00C04F79EFBC}") = "FreeCourse.Shared", "Shared\FreeCourse.Shared\FreeCourse.Shared.csproj", "{0A03A04C-0823-4F4D-8311-F9C57FAF00BA}"
EndProject
Global
	GlobalSection(SolutionConfigurationPlatforms) = preSolution
		Debug|Any CPU = Debug|Any CPU
		Release|Any CPU = Release|Any CPU
	EndGlobalSection
	GlobalSection(ProjectConfigurationPlatforms) = postSolution
		{9037874D-6188-4B30-A1F2-55090A931D48}.Debug|Any CPU.ActiveCfg = Debug|Any CPU
		{9037874D-6188-4B30-A1F2-55090A931D48}.Debug|Any CPU.Build.0 = Debug|Any CPU
		{9037874D-6188-4B30-A1F2-55090A931D48}.Release|Any CPU.ActiveCfg = Release|Any CPU
		{9037874D-6188-4B30-A1F2-55090A931D48}.Release|Any CPU.Build.0 = Release|Any CPU
		{0A03A04C-0823-4F4D-8311-F9C57FAF00BA}.Debug|Any CPU.ActiveCfg = Debug|Any CPU
		{0A03A04C-0823-4F4D-8311-F9C57FAF00BA}.Debug|Any CPU.Build.0 = Debug|Any CPU
		{0A03A04C-0823-4F4D-8311-F9C57FAF00BA}.Release|Any CPU.ActiveCfg = Release|Any CPU
		{0A03A04C-0823-4F4D-8311-F9C57FAF00BA}.Release|Any CPU.Build.0 = Release|Any CPU
	EndGlobalSection
	GlobalSection(SolutionProperties) = preSolution
		HideSolutionNode = FALSE
	EndGlobalSection
	GlobalSection(NestedProjects) = preSolution
		{D1AB5E95-33E0-444B-8CA4-D650683C4AE4} = {D539A9B7-A433-4DAD-A1AA-A4711CB00F15}
		{9037874D-6188-4B30-A1F2-55090A931D48} = {D1AB5E95-33E0-444B-8CA4-D650683C4AE4}
		{0A03A04C-0823-4F4D-8311-F9C57FAF00BA} = {0B1A14A7-9B19-44E4-B34C-D22864977F09}
	EndGlobalSection
	GlobalSection(ExtensibilityGlobals) = postSolution
		SolutionGuid = {8EC65228-C0A0-4A1F-A12C-E8F0CE8D788B}
	EndGlobalSection
EndGlobal
